Microsoft Visual Studio Solution File, Format Version 12.00
# Visual Studio Version 17
VisualStudioVersion = 17.5.2.0
MinimumVisualStudioVersion = 10.0.40219.1
Project("{FAE04EC0-301F-11D3-BF4B-00C04F79EFBC}") = "userstrctureapi", "userstrctureapi.csproj", "{CBE36226-3608-28BF-7031-E1099CFEC0EF}"
EndProject
Global
	GlobalSection(SolutionConfigurationPlatforms) = preSolution
		Debug|Any CPU = Debug|Any CPU
		Release|Any CPU = Release|Any CPU
	EndGlobalSection
	GlobalSection(ProjectConfigurationPlatforms) = postSolution
		{CBE36226-3608-28BF-7031-E1099CFEC0EF}.Debug|Any CPU.ActiveCfg = Debug|Any CPU
		{CBE36226-3608-28BF-7031-E1099CFEC0EF}.Debug|Any CPU.Build.0 = Debug|Any CPU
		{CBE36226-3608-28BF-7031-E1099CFEC0EF}.Release|Any CPU.ActiveCfg = Release|Any CPU
		{CBE36226-3608-28BF-7031-E1099CFEC0EF}.Release|Any CPU.Build.0 = Release|Any CPU
	EndGlobalSection
	GlobalSection(SolutionProperties) = preSolution
		HideSolutionNode = FALSE
	EndGlobalSection
	GlobalSection(ExtensibilityGlobals) = postSolution
		SolutionGuid = {9BF99603-4A60-4AB1-9D3C-52FD46E6702E}
	EndGlobalSection
EndGlobal
